{
  "version": 4,
  "terraform_version": "1.9.2",
  "serial": 3,
  "lineage": "1146b636-0328-0fbf-be49-980e2e93aed4",
  "outputs": {},
  "resources": [
    {
      "mode": "managed",
      "type": "spotify_playlist",
      "name": "best_of_bollywood",
      "provider": "provider[\"registry.terraform.io/conradludgate/spotify\"]",
      "instances": [
        {
          "schema_version": 0,
          "attributes": {
            "description": null,
            "id": "4XMkmtsGlmqq3VUfYafdsI",
            "name": "Bollywood",
            "public": true,
            "snapshot_id": "AAAAAtEuu6UWpsUkeP28k6wD+58s8vuq",
            "tracks": [
              "0eCajpR75pDW0r64U6hP2x"
            ]
          },
          "sensitive_attributes": [],
          "private": "bnVsbA=="
        }
      ]
    }
  ],
  "check_results": null
}
